# This file is generated by running "yarn install" inside your project.
# Manual changes might be lost - proceed with caution!

__metadata:
  version: 9
  cacheKey: 10c0

"@turbo/darwin-64@npm:2.10.0":
  version: 2.10.0
  resolution: "@turbo/darwin-64@npm:2.10.0"
  conditions: os=darwin & cpu=x64
  languageName: node
  linkType: hard

"@turbo/darwin-arm64@npm:2.10.0":
  version: 2.10.0
  resolution: "@turbo/darwin-arm64@npm:2.10.0"
  conditions: os=darwin & cpu=arm64
  languageName: node
  linkType: hard

"@turbo/linux-64@npm:2.10.0":
  version: 2.10.0
  resolution: "@turbo/linux-64@npm:2.10.0"
  conditions: os=linux & cpu=x64
  languageName: node
  linkType: hard

"@turbo/linux-arm64@npm:2.10.0":
  version: 2.10.0
  resolution: "@turbo/linux-arm64@npm:2.10.0"
  conditions: os=linux & cpu=arm64
  languageName: node
  linkType: hard

"@turbo/windows-64@npm:2.10.0":
  version: 2.10.0
  resolution: "@turbo/windows-64@npm:2.10.0"
  conditions: os=win32 & cpu=x64
  languageName: node
  linkType: hard

"@turbo/windows-arm64@npm:2.10.0":
  version: 2.10.0
  resolution: "@turbo/windows-arm64@npm:2.10.0"
  conditions: os=win32 & cpu=arm64
  languageName: node
  linkType: hard

"humanvouch@workspace:.":
  version: 0.0.0-use.local
  resolution: "humanvouch@workspace:."
  dependencies:
    turbo: "npm:^2"
  languageName: unknown
  linkType: soft

"turbo@npm:^2":
  version: 2.10.0
  resolution: "turbo@npm:2.10.0"
  dependencies:
    "@turbo/darwin-64": "npm:2.10.0"
    "@turbo/darwin-arm64": "npm:2.10.0"
    "@turbo/linux-64": "npm:2.10.0"
    "@turbo/linux-arm64": "npm:2.10.0"
    "@turbo/windows-64": "npm:2.10.0"
    "@turbo/windows-arm64": "npm:2.10.0"
  dependenciesMeta:
    "@turbo/darwin-64":
      optional: true
    "@turbo/darwin-arm64":
      optional: true
    "@turbo/linux-64":
      optional: true
    "@turbo/linux-arm64":
      optional: true
    "@turbo/windows-64":
      optional: true
    "@turbo/windows-arm64":
      optional: true
  bin:
    turbo: bin/turbo
  checksum: 10c0/2ceaa5b31afd284a6d52889ed53a047c3234ce475a4bb4c43ae1c7dc1844bd4f24c505390fc458d96909f816c67a0cd5a5cef6681a4d7136feece924802a8f1b
  languageName: node
  linkType: hard
